
Microsoft Visual Studio Solution File, Format Version 12.00
# Visual Studio Version 16
VisualStudioVersion = 16.0.31515.178
MinimumVisualStudioVersion = 10.0.40219.1
Project("{FAE04EC0-301F-11D3-BF4B-00C04F79EFBC}") = "simplepart-Test-Static-Markup", "simplepart-Test-Static-Markup\simplepart-Test-Static-Markup.csproj", "{AC2E6476-B201-499C-9282-CCBC1F97E27A}"
EndProject
Global
	GlobalSection(SolutionConfigurationPlatforms) = preSolution
		Debug|Any CPU = Debug|Any CPU
		Release|Any CPU = Release|Any CPU
	EndGlobalSection
	GlobalSection(ProjectConfigurationPlatforms) = postSolution
		{AC2E6476-B201-499C-9282-CCBC1F97E27A}.Debug|Any CPU.ActiveCfg = Debug|Any CPU
		{AC2E6476-B201-499C-9282-CCBC1F97E27A}.Debug|Any CPU.Build.0 = Debug|Any CPU
		{AC2E6476-B201-499C-9282-CCBC1F97E27A}.Release|Any CPU.ActiveCfg = Release|Any CPU
		{AC2E6476-B201-499C-9282-CCBC1F97E27A}.Release|Any CPU.Build.0 = Release|Any CPU
	EndGlobalSection
	GlobalSection(SolutionProperties) = preSolution
		HideSolutionNode = FALSE
	EndGlobalSection
	GlobalSection(ExtensibilityGlobals) = postSolution
		SolutionGuid = {BF0312F6-0D88-45F5-B589-48461726E544}
	EndGlobalSection
EndGlobal
